
Microsoft Visual Studio Solution File, Format Version 12.00
# Visual Studio Version 17
VisualStudioVersion = 17.4.33205.214
MinimumVisualStudioVersion = 10.0.40219.1
Project("{FAE04EC0-301F-11D3-BF4B-00C04F79EFBC}") = "flare", "flare.csproj", "{BA9F25B3-5CC1-4EB9-944E-2E873207DECF}"
EndProject
Global
	GlobalSection(SolutionConfigurationPlatforms) = preSolution
		Debug|Any CPU = Debug|Any CPU
		Release|Any CPU = Release|Any CPU
	EndGlobalSection
	GlobalSection(ProjectConfigurationPlatforms) = postSolution
		{BA9F25B3-5CC1-4EB9-944E-2E873207DECF}.Debug|Any CPU.ActiveCfg = Debug|Any CPU
		{BA9F25B3-5CC1-4EB9-944E-2E873207DECF}.Debug|Any CPU.Build.0 = Debug|Any CPU
		{BA9F25B3-5CC1-4EB9-944E-2E873207DECF}.Release|Any CPU.ActiveCfg = Release|Any CPU
		{BA9F25B3-5CC1-4EB9-944E-2E873207DECF}.Release|Any CPU.Build.0 = Release|Any CPU
	EndGlobalSection
	GlobalSection(SolutionProperties) = preSolution
		HideSolutionNode = FALSE
	EndGlobalSection
	GlobalSection(ExtensibilityGlobals) = postSolution
		SolutionGuid = {393E2EFD-A68D-425F-8965-7C96DACF84E1}
	EndGlobalSection
EndGlobal
